
Microsoft Visual Studio Solution File, Format Version 12.00
# Visual Studio Version 17
VisualStudioVersion = 17.3.32922.545
MinimumVisualStudioVersion = 10.0.40219.1
Project("{FAE04EC0-301F-11D3-BF4B-00C04F79EFBC}") = "Proje05200000069", "Proje05200000069.csproj", "{BD8CB094-1926-43B4-AE8D-9AE4C78F2B1D}"
EndProject
Global
	GlobalSection(SolutionConfigurationPlatforms) = preSolution
		Debug|Any CPU = Debug|Any CPU
		Release|Any CPU = Release|Any CPU
	EndGlobalSection
	GlobalSection(ProjectConfigurationPlatforms) = postSolution
		{BD8CB094-1926-43B4-AE8D-9AE4C78F2B1D}.Debug|Any CPU.ActiveCfg = Debug|Any CPU
		{BD8CB094-1926-43B4-AE8D-9AE4C78F2B1D}.Debug|Any CPU.Build.0 = Debug|Any CPU
		{BD8CB094-1926-43B4-AE8D-9AE4C78F2B1D}.Release|Any CPU.ActiveCfg = Release|Any CPU
		{BD8CB094-1926-43B4-AE8D-9AE4C78F2B1D}.Release|Any CPU.Build.0 = Release|Any CPU
	EndGlobalSection
	GlobalSection(SolutionProperties) = preSolution
		HideSolutionNode = FALSE
	EndGlobalSection
	GlobalSection(ExtensibilityGlobals) = postSolution
		SolutionGuid = {DACF1CB1-84D8-4667-977D-EAAB4947CBA0}
	EndGlobalSection
EndGlobal
